{
    "_meta": {
        "hash": {
            "sha256": "d6201db58d75149d11f8f88773e0d7c3636c8c90e0d925afc2e57a1ecb06b4f3"
        },
        "pipfile-spec": 6,
        "requires": {
            "python_version": "3.6"
        },
        "sources": [
            {
                "name": "pypi",
                "url": "https://pypi.org/simple",
                "verify_ssl": true
            }
        ]
    },
    "default": {
        "certifi": {
            "hashes": [
                "sha256:046832c04d4e752f37383b628bc601a7ea7211496b4638f6514d0e5b9acc4939",
                "sha256:945e3ba63a0b9f577b1395204e13c3a231f9bc0223888be653286534e5873695"
            ],
            "index": "pypi",
            "version": "==2019.6.16"
        },
        "numpy": {
            "hashes": [
                "sha256:00836128feaf9a7c7fedeea05ad593e7965f523d23fe3ffbf20cfffd88e9f2b1",
                "sha256:03b28330253904d410c3c82d66329f29645eb54a7345cb7dd7a1529d61fa603f",
                "sha256:1594aec94e4896e0688f4f405481fda50fb70547000ae71f2e894299a088a661",
                "sha256:27aa457590268cb059c47daa8c55f48c610ce81da8a062ec117f74efa9124ec9",
                "sha256:2c5a556272c67566e8f4607d1c78ad98e954fa6c32802002a4a0b029ad8dd759",
                "sha256:37fdd3bb05caaaacac58015cfa38e38b006ee9cef1eaacdb70bb68c16ac7db1d",
                "sha256:3a96e59f61c7a8f8838d0f4d19daeba551c5f07c5cdd5c81e8e9d4089ade0042",
                "sha256:3d6a354bb1a1ce2cabd47e0bdcf25364322fb55a29efb59f76944d7ee546d8b6",
                "sha256:4208b225ae049641a7a99ab92e84ce9d642ded8250d2b6c9fd61a7fa8c072561",
                "sha256:46469e7fcb689036e72ce61c3d432ed35eb4c71b5119e894845b434b0fae5813",
                "sha256:4d790e2a37aa3350667d8bb8acc919010c7e46234c3d615738564ddc6d22026f",
                "sha256:612297115bade249a118616c065597ff2e5e1f47ed220d7ba71f3e6c6ebcd814",
                "sha256:8bb452d94e964b312205b0de1238dd7209da452343653ab214b5d681780e7a0c",
                "sha256:911d91ffc6688db0454d69318584415f7dfb0fc1b8ac9b549234e39495684230",
                "sha256:9a2b950bca9faca0145491ae9fd214c432f2b1e36783399bc2c3732e7bcc94f4",
                "sha256:ada1a1cd68b9874fa480bd287438f92bd7ce88ca0dd6e8d56c70f2b3dab97314",
                "sha256:ceb353e3ae840ce76256935b18c17236ca808509f231f41d5173d7b2680d5e77",
                "sha256:dbc9e9a6a5e0c4f57498855d4e30ef8b599c0ce13fdf9d64299197508d67d9e8",
                "sha256:e6ce7c0051ed5443f8343da2a14580aa438822ae6526900332c4564f371d2aaf",
                "sha256:f42e21d8db16315bc30b437bff63d6b143befb067b8cd396fa3ef17f1c21e1a0",
                "sha256:f7fb27c0562206787011cf299c03f663c604b58a35a9c2b5218ba6485a17b145",
                "sha256:fada0492dd35412cd96e0578677e9a4bdae8f102ef2b631301fcf19066b57119",
                "sha256:fb207362394567343d84c0462ec3ba203a21c78be9a0fdbb94982e76859ec37e"
            ],
            "index": "pypi",
            "version": "==1.16.5"
        },
        "paho-mqtt": {
            "hashes": [
                "sha256:e440a052b46d222e184be3be38676378722072fcd4dfd2c8f509fb861a7b0b79"
            ],
            "index": "pypi",
            "version": "==1.4.0"
        },
        "pandas": {
            "hashes": [
                "sha256:18d91a9199d1dfaa01ad645f7540370ba630bdcef09daaf9edf45b4b1bca0232",
                "sha256:3f26e5da310a0c0b83ea50da1fd397de2640b02b424aa69be7e0784228f656c9",
                "sha256:4182e32f4456d2c64619e97c58571fa5ca0993d1e8c2d9ca44916185e1726e15",
                "sha256:426e590e2eb0e60f765271d668a30cf38b582eaae5ec9b31229c8c3c10c5bc21",
                "sha256:5eb934a8f0dc358f0e0cdf314072286bbac74e4c124b64371395e94644d5d919",
                "sha256:717928808043d3ea55b9bcde636d4a52d2236c246f6df464163a66ff59980ad8",
                "sha256:8145f97c5ed71827a6ec98ceaef35afed1377e2d19c4078f324d209ff253ecb5",
                "sha256:8744c84c914dcc59cbbb2943b32b7664df1039d99e834e1034a3372acb89ea4d",
                "sha256:c1ac1d9590d0c9314ebf01591bd40d4c03d710bfc84a3889e5263c97d7891dee",
                "sha256:cb2e197b7b0687becb026b84d3c242482f20cbb29a9981e43604eb67576da9f6",
                "sha256:d4001b71ad2c9b84ff18b182cea22b7b6cbf624216da3ea06fb7af28d1f93165",
                "sha256:d8930772adccb2882989ab1493fa74bd87d47c8ac7417f5dd3dd834ba8c24dc9",
                "sha256:dfbb0173ee2399bc4ed3caf2d236e5c0092f948aafd0a15fbe4a0e77ee61a958",
                "sha256:eebfbba048f4fa8ac711b22c78516e16ff8117d05a580e7eeef6b0c2be554c18",
                "sha256:f1b21bc5cf3dbea53d33615d1ead892dfdae9d7052fa8898083bec88be20dcd2"
            ],
            "index": "pypi",
            "version": "==0.25.1"
        },
        "python-dateutil": {
            "hashes": [
                "sha256:7e6584c74aeed623791615e26efd690f29817a27c73085b78e4bad02493df2fb",
                "sha256:c89805f6f4d64db21ed966fda138f8a5ed7a4fdbc1a8ee329ce1b74e3c74da9e"
            ],
            "index": "pypi",
            "version": "==2.8.0"
        },
        "pytz": {
            "hashes": [
                "sha256:26c0b32e437e54a18161324a2fca3c4b9846b74a8dccddd843113109e1116b32",
                "sha256:c894d57500a4cd2d5c71114aaab77dbab5eabd9022308ce5ac9bb93a60a6f0c7"
            ],
            "index": "pypi",
            "version": "==2019.2"
        },
        "six": {
            "hashes": [
                "sha256:3350809f0555b11f552448330d0b52d5f24c91a322ea4a15ef22629740f3761c",
                "sha256:d16a0141ec1a18405cd4ce8b4613101da75da0e9a7aec5bdd4fa804d0e0eba73"
            ],
            "index": "pypi",
            "version": "==1.12.0"
        },
        "snakes": {
            "hashes": [
                "sha256:934ecd9d1be577d78048e4a1f5b126529e04b96b2e0eefcec652b733ad7e2d89"
            ],
            "index": "pypi",
            "version": "==0.9.26"
        },
        "wincertstore": {
            "hashes": [
                "sha256:22d5eebb52df88a8d4014d5cf6d1b6c3a5d469e6c3b2e2854f3a003e48872356",
                "sha256:780bd1557c9185c15d9f4221ea7f905cb20b93f7151ca8ccaed9714dce4b327a"
            ],
            "index": "pypi",
            "version": "==0.2"
        }
    },
    "develop": {}
}
